{
  "version": "3",
  "packages": {
    "specifiers": {
      "jsr:@std/path@^1.0.2": "jsr:@std/path@1.0.3"
    },
    "jsr": {
      "@std/path@1.0.3": {
        "integrity": "cd89d014ce7eb3742f2147b990f6753ee51d95276bfc211bc50c860c1bc7df6f"
      }
    }
  },
  "remote": {},
  "workspace": {
    "dependencies": [
      "jsr:@std/assert@1",
      "jsr:@std/fmt@^0.225.6",
      "jsr:@std/fs@^1.0.0",
      "npm:chalk@5"
    ],
    "members": {
      "libs/utils": {
        "dependencies": [
          "jsr:@std/path@^1.0.2"
        ]
      }
    }
  }
}
